
Microsoft Visual Studio Solution File, Format Version 12.00
# Visual Studio Version 16
VisualStudioVersion = 16.0.31025.194
MinimumVisualStudioVersion = 10.0.40219.1
Project("{9A19103F-16F7-4668-BE54-9A1E7A4F7556}") = "Aula60", "Aula60.csproj", "{D5DA25EA-AB1B-44B0-A048-F603992E6F53}"
EndProject
Project("{FAE04EC0-301F-11D3-BF4B-00C04F79EFBC}") = "Componentes", "..\..\Componentes\Componentes\Componentes.csproj", "{EB7B797B-8CA9-4CE5-9923-E8AD6CB9306E}"
EndProject
Global
	GlobalSection(SolutionConfigurationPlatforms) = preSolution
		Debug|Any CPU = Debug|Any CPU
		Release|Any CPU = Release|Any CPU
	EndGlobalSection
	GlobalSection(ProjectConfigurationPlatforms) = postSolution
		{D5DA25EA-AB1B-44B0-A048-F603992E6F53}.Debug|Any CPU.ActiveCfg = Debug|Any CPU
		{D5DA25EA-AB1B-44B0-A048-F603992E6F53}.Debug|Any CPU.Build.0 = Debug|Any CPU
		{D5DA25EA-AB1B-44B0-A048-F603992E6F53}.Release|Any CPU.ActiveCfg = Release|Any CPU
		{D5DA25EA-AB1B-44B0-A048-F603992E6F53}.Release|Any CPU.Build.0 = Release|Any CPU
		{EB7B797B-8CA9-4CE5-9923-E8AD6CB9306E}.Debug|Any CPU.ActiveCfg = Debug|Any CPU
		{EB7B797B-8CA9-4CE5-9923-E8AD6CB9306E}.Debug|Any CPU.Build.0 = Debug|Any CPU
		{EB7B797B-8CA9-4CE5-9923-E8AD6CB9306E}.Release|Any CPU.ActiveCfg = Release|Any CPU
		{EB7B797B-8CA9-4CE5-9923-E8AD6CB9306E}.Release|Any CPU.Build.0 = Release|Any CPU
	EndGlobalSection
	GlobalSection(SolutionProperties) = preSolution
		HideSolutionNode = FALSE
	EndGlobalSection
	GlobalSection(ExtensibilityGlobals) = postSolution
		SolutionGuid = {09FDE5CA-F9F6-47EB-AC7A-F8C724C8F69C}
	EndGlobalSection
EndGlobal
